
Microsoft Visual Studio Solution File, Format Version 12.00
# Visual Studio 15
VisualStudioVersion = 15.0.28307.168
MinimumVisualStudioVersion = 10.0.40219.1
Project("{FAE04EC0-301F-11D3-BF4B-00C04F79EFBC}") = "Task1", "Task1\Task1.csproj", "{AEE10235-7CDA-4135-B179-B649F23B733D}"
EndProject
Project("{FAE04EC0-301F-11D3-BF4B-00C04F79EFBC}") = "Task2", "Task2\Task2.csproj", "{707906E3-06B0-455F-A269-DD188BEB4452}"
EndProject
Project("{FAE04EC0-301F-11D3-BF4B-00C04F79EFBC}") = "Task3", "Task3\Task3.csproj", "{5D3FF35E-874F-4A50-A252-4D2A6B64EDBF}"
EndProject
Project("{FAE04EC0-301F-11D3-BF4B-00C04F79EFBC}") = "Task4", "Task4\Task4.csproj", "{0E44C215-59E7-4B70-9B18-431E9591B245}"
EndProject
Global
	GlobalSection(SolutionConfigurationPlatforms) = preSolution
		Debug|Any CPU = Debug|Any CPU
		Release|Any CPU = Release|Any CPU
	EndGlobalSection
	GlobalSection(ProjectConfigurationPlatforms) = postSolution
		{AEE10235-7CDA-4135-B179-B649F23B733D}.Debug|Any CPU.ActiveCfg = Debug|Any CPU
		{AEE10235-7CDA-4135-B179-B649F23B733D}.Debug|Any CPU.Build.0 = Debug|Any CPU
		{AEE10235-7CDA-4135-B179-B649F23B733D}.Release|Any CPU.ActiveCfg = Release|Any CPU
		{AEE10235-7CDA-4135-B179-B649F23B733D}.Release|Any CPU.Build.0 = Release|Any CPU
		{707906E3-06B0-455F-A269-DD188BEB4452}.Debug|Any CPU.ActiveCfg = Debug|Any CPU
		{707906E3-06B0-455F-A269-DD188BEB4452}.Debug|Any CPU.Build.0 = Debug|Any CPU
		{707906E3-06B0-455F-A269-DD188BEB4452}.Release|Any CPU.ActiveCfg = Release|Any CPU
		{707906E3-06B0-455F-A269-DD188BEB4452}.Release|Any CPU.Build.0 = Release|Any CPU
		{5D3FF35E-874F-4A50-A252-4D2A6B64EDBF}.Debug|Any CPU.ActiveCfg = Debug|Any CPU
		{5D3FF35E-874F-4A50-A252-4D2A6B64EDBF}.Debug|Any CPU.Build.0 = Debug|Any CPU
		{5D3FF35E-874F-4A50-A252-4D2A6B64EDBF}.Release|Any CPU.ActiveCfg = Release|Any CPU
		{5D3FF35E-874F-4A50-A252-4D2A6B64EDBF}.Release|Any CPU.Build.0 = Release|Any CPU
		{0E44C215-59E7-4B70-9B18-431E9591B245}.Debug|Any CPU.ActiveCfg = Debug|Any CPU
		{0E44C215-59E7-4B70-9B18-431E9591B245}.Debug|Any CPU.Build.0 = Debug|Any CPU
		{0E44C215-59E7-4B70-9B18-431E9591B245}.Release|Any CPU.ActiveCfg = Release|Any CPU
		{0E44C215-59E7-4B70-9B18-431E9591B245}.Release|Any CPU.Build.0 = Release|Any CPU
	EndGlobalSection
	GlobalSection(SolutionProperties) = preSolution
		HideSolutionNode = FALSE
	EndGlobalSection
	GlobalSection(ExtensibilityGlobals) = postSolution
		SolutionGuid = {9CD8B4ED-45F0-40D2-8CB1-8CBCF9DCF311}
	EndGlobalSection
EndGlobal
