
Microsoft Visual Studio Solution File, Format Version 12.00
# Visual Studio 15
VisualStudioVersion = 15.0.28307.168
MinimumVisualStudioVersion = 10.0.40219.1
Project("{9A19103F-16F7-4668-BE54-9A1E7A4F7556}") = "Task1", "Task1\Task1.csproj", "{FCDBEAA3-6B29-4C5A-A8AA-DF43A2DB64A7}"
EndProject
Project("{9A19103F-16F7-4668-BE54-9A1E7A4F7556}") = "Task2", "Task2\Task2.csproj", "{E65B4964-C4EA-4150-A7E0-1D24B7112218}"
EndProject
Project("{9A19103F-16F7-4668-BE54-9A1E7A4F7556}") = "Task2_1", "Task2_1\Task2_1.csproj", "{6857A68A-CF69-4148-B1F9-2EE4D46B3A4E}"
EndProject
Project("{FAE04EC0-301F-11D3-BF4B-00C04F79EFBC}") = "Task1_2", "Task1_2\Task1_2.csproj", "{6BD36E5B-A050-4F67-8F93-892633955E16}"
EndProject
Global
	GlobalSection(SolutionConfigurationPlatforms) = preSolution
		Debug|Any CPU = Debug|Any CPU
		Release|Any CPU = Release|Any CPU
	EndGlobalSection
	GlobalSection(ProjectConfigurationPlatforms) = postSolution
		{FCDBEAA3-6B29-4C5A-A8AA-DF43A2DB64A7}.Debug|Any CPU.ActiveCfg = Debug|Any CPU
		{FCDBEAA3-6B29-4C5A-A8AA-DF43A2DB64A7}.Debug|Any CPU.Build.0 = Debug|Any CPU
		{FCDBEAA3-6B29-4C5A-A8AA-DF43A2DB64A7}.Release|Any CPU.ActiveCfg = Release|Any CPU
		{FCDBEAA3-6B29-4C5A-A8AA-DF43A2DB64A7}.Release|Any CPU.Build.0 = Release|Any CPU
		{E65B4964-C4EA-4150-A7E0-1D24B7112218}.Debug|Any CPU.ActiveCfg = Debug|Any CPU
		{E65B4964-C4EA-4150-A7E0-1D24B7112218}.Debug|Any CPU.Build.0 = Debug|Any CPU
		{E65B4964-C4EA-4150-A7E0-1D24B7112218}.Release|Any CPU.ActiveCfg = Release|Any CPU
		{E65B4964-C4EA-4150-A7E0-1D24B7112218}.Release|Any CPU.Build.0 = Release|Any CPU
		{6857A68A-CF69-4148-B1F9-2EE4D46B3A4E}.Debug|Any CPU.ActiveCfg = Debug|Any CPU
		{6857A68A-CF69-4148-B1F9-2EE4D46B3A4E}.Debug|Any CPU.Build.0 = Debug|Any CPU
		{6857A68A-CF69-4148-B1F9-2EE4D46B3A4E}.Release|Any CPU.ActiveCfg = Release|Any CPU
		{6857A68A-CF69-4148-B1F9-2EE4D46B3A4E}.Release|Any CPU.Build.0 = Release|Any CPU
		{6BD36E5B-A050-4F67-8F93-892633955E16}.Debug|Any CPU.ActiveCfg = Debug|Any CPU
		{6BD36E5B-A050-4F67-8F93-892633955E16}.Debug|Any CPU.Build.0 = Debug|Any CPU
		{6BD36E5B-A050-4F67-8F93-892633955E16}.Release|Any CPU.ActiveCfg = Release|Any CPU
		{6BD36E5B-A050-4F67-8F93-892633955E16}.Release|Any CPU.Build.0 = Release|Any CPU
	EndGlobalSection
	GlobalSection(SolutionProperties) = preSolution
		HideSolutionNode = FALSE
	EndGlobalSection
	GlobalSection(ExtensibilityGlobals) = postSolution
		SolutionGuid = {B6EA472B-555E-4BEA-9B67-CA0F6EB7CCA1}
	EndGlobalSection
EndGlobal
